{
  "requires": true,
  "lockfileVersion": 1,
  "dependencies": {
    "gitbook-plugin-folding-chapters": {
      "version": "0.0.9",
      "resolved": "https://registry.npmjs.org/gitbook-plugin-folding-chapters/-/gitbook-plugin-folding-chapters-0.0.9.tgz",
      "integrity": "sha512-w1lLoCDDy4RARTqY5SUEh+GP27UXQ5mqf4Vv82HhACDsd1BHAtiYU4uieV31q8XyehnRas0RKhZxnSLZhkBoTw=="
    }
  }
}
